
Microsoft Visual Studio Solution File, Format Version 12.00
# Visual Studio 14
VisualStudioVersion = 14.0.25420.1
MinimumVisualStudioVersion = 10.0.40219.1
Project("{FAE04EC0-301F-11D3-BF4B-00C04F79EFBC}") = "Application", "Application.csproj", "{26E89A3B-9852-4A18-96CC-1D5881FADAA1}"
EndProject
Project("{FAE04EC0-301F-11D3-BF4B-00C04F79EFBC}") = "SampleApplication.Droid", "Droid\SampleApplication.Droid.csproj", "{7C2939AF-EF86-4E26-8044-CE80EA155557}"
EndProject
Project("{FAE04EC0-301F-11D3-BF4B-00C04F79EFBC}") = "Application.UITests", "UITests\Application.UITests.csproj", "{E76622ED-2233-4E17-B50D-6429988BADF7}"
EndProject
Project("{FAE04EC0-301F-11D3-BF4B-00C04F79EFBC}") = "Application.Tests", "Application.Tests\Application.Tests.csproj", "{7D15D603-B0EB-477F-A56E-6C3A9E26442C}"
EndProject
Project("{FAE04EC0-301F-11D3-BF4B-00C04F79EFBC}") = "XForms.Shared", "AllApplications.Shared\XForms.Shared.csproj", "{5E590FAB-76C0-4EC2-9B90-FA90C9C2B73D}"
EndProject
Project("{2150E333-8FDC-42A3-9474-1A3956D46DE8}") = "Tests", "Tests", "{D38934AF-034A-4669-AD81-B6E0B62A7494}"
EndProject
Global
	GlobalSection(SolutionConfigurationPlatforms) = preSolution
		Ad-Hoc|Any CPU = Ad-Hoc|Any CPU
		Ad-Hoc|ARM = Ad-Hoc|ARM
		Ad-Hoc|iPhone = Ad-Hoc|iPhone
		Ad-Hoc|iPhoneSimulator = Ad-Hoc|iPhoneSimulator
		Ad-Hoc|x64 = Ad-Hoc|x64
		Ad-Hoc|x86 = Ad-Hoc|x86
		AppStore|Any CPU = AppStore|Any CPU
		AppStore|ARM = AppStore|ARM
		AppStore|iPhone = AppStore|iPhone
		AppStore|iPhoneSimulator = AppStore|iPhoneSimulator
		AppStore|x64 = AppStore|x64
		AppStore|x86 = AppStore|x86
		Debug|Any CPU = Debug|Any CPU
		Debug|ARM = Debug|ARM
		Debug|iPhone = Debug|iPhone
		Debug|iPhoneSimulator = Debug|iPhoneSimulator
		Debug|x64 = Debug|x64
		Debug|x86 = Debug|x86
		Release|Any CPU = Release|Any CPU
		Release|ARM = Release|ARM
		Release|iPhone = Release|iPhone
		Release|iPhoneSimulator = Release|iPhoneSimulator
		Release|x64 = Release|x64
		Release|x86 = Release|x86
	EndGlobalSection
	GlobalSection(ProjectConfigurationPlatforms) = postSolution
		{26E89A3B-9852-4A18-96CC-1D5881FADAA1}.Ad-Hoc|Any CPU.ActiveCfg = Release|Any CPU
		{26E89A3B-9852-4A18-96CC-1D5881FADAA1}.Ad-Hoc|Any CPU.Build.0 = Release|Any CPU
		{26E89A3B-9852-4A18-96CC-1D5881FADAA1}.Ad-Hoc|ARM.ActiveCfg = Release|Any CPU
		{26E89A3B-9852-4A18-96CC-1D5881FADAA1}.Ad-Hoc|ARM.Build.0 = Release|Any CPU
		{26E89A3B-9852-4A18-96CC-1D5881FADAA1}.Ad-Hoc|iPhone.ActiveCfg = Release|Any CPU
		{26E89A3B-9852-4A18-96CC-1D5881FADAA1}.Ad-Hoc|iPhone.Build.0 = Release|Any CPU
		{26E89A3B-9852-4A18-96CC-1D5881FADAA1}.Ad-Hoc|iPhoneSimulator.ActiveCfg = Release|Any CPU
		{26E89A3B-9852-4A18-96CC-1D5881FADAA1}.Ad-Hoc|iPhoneSimulator.Build.0 = Release|Any CPU
		{26E89A3B-9852-4A18-96CC-1D5881FADAA1}.Ad-Hoc|x64.ActiveCfg = Release|Any CPU
		{26E89A3B-9852-4A18-96CC-1D5881FADAA1}.Ad-Hoc|x64.Build.0 = Release|Any CPU
		{26E89A3B-9852-4A18-96CC-1D5881FADAA1}.Ad-Hoc|x86.ActiveCfg = Release|Any CPU
		{26E89A3B-9852-4A18-96CC-1D5881FADAA1}.Ad-Hoc|x86.Build.0 = Release|Any CPU
		{26E89A3B-9852-4A18-96CC-1D5881FADAA1}.AppStore|Any CPU.ActiveCfg = Release|Any CPU
		{26E89A3B-9852-4A18-96CC-1D5881FADAA1}.AppStore|Any CPU.Build.0 = Release|Any CPU
		{26E89A3B-9852-4A18-96CC-1D5881FADAA1}.AppStore|ARM.ActiveCfg = Release|Any CPU
		{26E89A3B-9852-4A18-96CC-1D5881FADAA1}.AppStore|ARM.Build.0 = Release|Any CPU
		{26E89A3B-9852-4A18-96CC-1D5881FADAA1}.AppStore|iPhone.ActiveCfg = Release|Any CPU
		{26E89A3B-9852-4A18-96CC-1D5881FADAA1}.AppStore|iPhone.Build.0 = Release|Any CPU
		{26E89A3B-9852-4A18-96CC-1D5881FADAA1}.AppStore|iPhoneSimulator.ActiveCfg = Release|Any CPU
		{26E89A3B-9852-4A18-96CC-1D5881FADAA1}.AppStore|iPhoneSimulator.Build.0 = Release|Any CPU
		{26E89A3B-9852-4A18-96CC-1D5881FADAA1}.AppStore|x64.ActiveCfg = Release|Any CPU
		{26E89A3B-9852-4A18-96CC-1D5881FADAA1}.AppStore|x64.Build.0 = Release|Any CPU
		{26E89A3B-9852-4A18-96CC-1D5881FADAA1}.AppStore|x86.ActiveCfg = Release|Any CPU
		{26E89A3B-9852-4A18-96CC-1D5881FADAA1}.AppStore|x86.Build.0 = Release|Any CPU
		{26E89A3B-9852-4A18-96CC-1D5881FADAA1}.Debug|Any CPU.ActiveCfg = Debug|Any CPU
		{26E89A3B-9852-4A18-96CC-1D5881FADAA1}.Debug|Any CPU.Build.0 = Debug|Any CPU
		{26E89A3B-9852-4A18-96CC-1D5881FADAA1}.Debug|ARM.ActiveCfg = Debug|Any CPU
		{26E89A3B-9852-4A18-96CC-1D5881FADAA1}.Debug|ARM.Build.0 = Debug|Any CPU
		{26E89A3B-9852-4A18-96CC-1D5881FADAA1}.Debug|iPhone.ActiveCfg = Debug|Any CPU
		{26E89A3B-9852-4A18-96CC-1D5881FADAA1}.Debug|iPhone.Build.0 = Debug|Any CPU
		{26E89A3B-9852-4A18-96CC-1D5881FADAA1}.Debug|iPhoneSimulator.ActiveCfg = Debug|Any CPU
		{26E89A3B-9852-4A18-96CC-1D5881FADAA1}.Debug|iPhoneSimulator.Build.0 = Debug|Any CPU
		{26E89A3B-9852-4A18-96CC-1D5881FADAA1}.Debug|x64.ActiveCfg = Debug|Any CPU
		{26E89A3B-9852-4A18-96CC-1D5881FADAA1}.Debug|x64.Build.0 = Debug|Any CPU
		{26E89A3B-9852-4A18-96CC-1D5881FADAA1}.Debug|x86.ActiveCfg = Debug|Any CPU
		{26E89A3B-9852-4A18-96CC-1D5881FADAA1}.Debug|x86.Build.0 = Debug|Any CPU
		{26E89A3B-9852-4A18-96CC-1D5881FADAA1}.Release|Any CPU.ActiveCfg = Release|Any CPU
		{26E89A3B-9852-4A18-96CC-1D5881FADAA1}.Release|Any CPU.Build.0 = Release|Any CPU
		{26E89A3B-9852-4A18-96CC-1D5881FADAA1}.Release|ARM.ActiveCfg = Release|Any CPU
		{26E89A3B-9852-4A18-96CC-1D5881FADAA1}.Release|ARM.Build.0 = Release|Any CPU
		{26E89A3B-9852-4A18-96CC-1D5881FADAA1}.Release|iPhone.ActiveCfg = Release|Any CPU
		{26E89A3B-9852-4A18-96CC-1D5881FADAA1}.Release|iPhone.Build.0 = Release|Any CPU
		{26E89A3B-9852-4A18-96CC-1D5881FADAA1}.Release|iPhoneSimulator.ActiveCfg = Release|Any CPU
		{26E89A3B-9852-4A18-96CC-1D5881FADAA1}.Release|iPhoneSimulator.Build.0 = Release|Any CPU
		{26E89A3B-9852-4A18-96CC-1D5881FADAA1}.Release|x64.ActiveCfg = Release|Any CPU
		{26E89A3B-9852-4A18-96CC-1D5881FADAA1}.Release|x64.Build.0 = Release|Any CPU
		{26E89A3B-9852-4A18-96CC-1D5881FADAA1}.Release|x86.ActiveCfg = Release|Any CPU
		{26E89A3B-9852-4A18-96CC-1D5881FADAA1}.Release|x86.Build.0 = Release|Any CPU
		{7C2939AF-EF86-4E26-8044-CE80EA155557}.Ad-Hoc|Any CPU.ActiveCfg = Release|Any CPU
		{7C2939AF-EF86-4E26-8044-CE80EA155557}.Ad-Hoc|Any CPU.Build.0 = Release|Any CPU
		{7C2939AF-EF86-4E26-8044-CE80EA155557}.Ad-Hoc|Any CPU.Deploy.0 = Release|Any CPU
		{7C2939AF-EF86-4E26-8044-CE80EA155557}.Ad-Hoc|ARM.ActiveCfg = Release|Any CPU
		{7C2939AF-EF86-4E26-8044-CE80EA155557}.Ad-Hoc|ARM.Build.0 = Release|Any CPU
		{7C2939AF-EF86-4E26-8044-CE80EA155557}.Ad-Hoc|ARM.Deploy.0 = Release|Any CPU
		{7C2939AF-EF86-4E26-8044-CE80EA155557}.Ad-Hoc|iPhone.ActiveCfg = Release|Any CPU
		{7C2939AF-EF86-4E26-8044-CE80EA155557}.Ad-Hoc|iPhone.Build.0 = Release|Any CPU
		{7C2939AF-EF86-4E26-8044-CE80EA155557}.Ad-Hoc|iPhone.Deploy.0 = Release|Any CPU
		{7C2939AF-EF86-4E26-8044-CE80EA155557}.Ad-Hoc|iPhoneSimulator.ActiveCfg = Release|Any CPU
		{7C2939AF-EF86-4E26-8044-CE80EA155557}.Ad-Hoc|iPhoneSimulator.Build.0 = Release|Any CPU
		{7C2939AF-EF86-4E26-8044-CE80EA155557}.Ad-Hoc|iPhoneSimulator.Deploy.0 = Release|Any CPU
		{7C2939AF-EF86-4E26-8044-CE80EA155557}.Ad-Hoc|x64.ActiveCfg = Release|Any CPU
		{7C2939AF-EF86-4E26-8044-CE80EA155557}.Ad-Hoc|x64.Build.0 = Release|Any CPU
		{7C2939AF-EF86-4E26-8044-CE80EA155557}.Ad-Hoc|x64.Deploy.0 = Release|Any CPU
		{7C2939AF-EF86-4E26-8044-CE80EA155557}.Ad-Hoc|x86.ActiveCfg = Release|Any CPU
		{7C2939AF-EF86-4E26-8044-CE80EA155557}.Ad-Hoc|x86.Build.0 = Release|Any CPU
		{7C2939AF-EF86-4E26-8044-CE80EA155557}.Ad-Hoc|x86.Deploy.0 = Release|Any CPU
		{7C2939AF-EF86-4E26-8044-CE80EA155557}.AppStore|Any CPU.ActiveCfg = Release|Any CPU
		{7C2939AF-EF86-4E26-8044-CE80EA155557}.AppStore|Any CPU.Build.0 = Release|Any CPU
		{7C2939AF-EF86-4E26-8044-CE80EA155557}.AppStore|Any CPU.Deploy.0 = Release|Any CPU
		{7C2939AF-EF86-4E26-8044-CE80EA155557}.AppStore|ARM.ActiveCfg = Release|Any CPU
		{7C2939AF-EF86-4E26-8044-CE80EA155557}.AppStore|ARM.Build.0 = Release|Any CPU
		{7C2939AF-EF86-4E26-8044-CE80EA155557}.AppStore|ARM.Deploy.0 = Release|Any CPU
		{7C2939AF-EF86-4E26-8044-CE80EA155557}.AppStore|iPhone.ActiveCfg = Release|Any CPU
		{7C2939AF-EF86-4E26-8044-CE80EA155557}.AppStore|iPhone.Build.0 = Release|Any CPU
		{7C2939AF-EF86-4E26-8044-CE80EA155557}.AppStore|iPhone.Deploy.0 = Release|Any CPU
		{7C2939AF-EF86-4E26-8044-CE80EA155557}.AppStore|iPhoneSimulator.ActiveCfg = Release|Any CPU
		{7C2939AF-EF86-4E26-8044-CE80EA155557}.AppStore|iPhoneSimulator.Build.0 = Release|Any CPU
		{7C2939AF-EF86-4E26-8044-CE80EA155557}.AppStore|iPhoneSimulator.Deploy.0 = Release|Any CPU
		{7C2939AF-EF86-4E26-8044-CE80EA155557}.AppStore|x64.ActiveCfg = Release|Any CPU
		{7C2939AF-EF86-4E26-8044-CE80EA155557}.AppStore|x64.Build.0 = Release|Any CPU
		{7C2939AF-EF86-4E26-8044-CE80EA155557}.AppStore|x64.Deploy.0 = Release|Any CPU
		{7C2939AF-EF86-4E26-8044-CE80EA155557}.AppStore|x86.ActiveCfg = Release|Any CPU
		{7C2939AF-EF86-4E26-8044-CE80EA155557}.AppStore|x86.Build.0 = Release|Any CPU
		{7C2939AF-EF86-4E26-8044-CE80EA155557}.AppStore|x86.Deploy.0 = Release|Any CPU
		{7C2939AF-EF86-4E26-8044-CE80EA155557}.Debug|Any CPU.ActiveCfg = Debug|Any CPU
		{7C2939AF-EF86-4E26-8044-CE80EA155557}.Debug|Any CPU.Build.0 = Debug|Any CPU
		{7C2939AF-EF86-4E26-8044-CE80EA155557}.Debug|Any CPU.Deploy.0 = Debug|Any CPU
		{7C2939AF-EF86-4E26-8044-CE80EA155557}.Debug|ARM.ActiveCfg = Debug|Any CPU
		{7C2939AF-EF86-4E26-8044-CE80EA155557}.Debug|ARM.Build.0 = Debug|Any CPU
		{7C2939AF-EF86-4E26-8044-CE80EA155557}.Debug|ARM.Deploy.0 = Debug|Any CPU
		{7C2939AF-EF86-4E26-8044-CE80EA155557}.Debug|iPhone.ActiveCfg = Debug|Any CPU
		{7C2939AF-EF86-4E26-8044-CE80EA155557}.Debug|iPhone.Build.0 = Debug|Any CPU
		{7C2939AF-EF86-4E26-8044-CE80EA155557}.Debug|iPhone.Deploy.0 = Debug|Any CPU
		{7C2939AF-EF86-4E26-8044-CE80EA155557}.Debug|iPhoneSimulator.ActiveCfg = Debug|Any CPU
		{7C2939AF-EF86-4E26-8044-CE80EA155557}.Debug|iPhoneSimulator.Build.0 = Debug|Any CPU
		{7C2939AF-EF86-4E26-8044-CE80EA155557}.Debug|iPhoneSimulator.Deploy.0 = Debug|Any CPU
		{7C2939AF-EF86-4E26-8044-CE80EA155557}.Debug|x64.ActiveCfg = Debug|Any CPU
		{7C2939AF-EF86-4E26-8044-CE80EA155557}.Debug|x64.Build.0 = Debug|Any CPU
		{7C2939AF-EF86-4E26-8044-CE80EA155557}.Debug|x64.Deploy.0 = Debug|Any CPU
		{7C2939AF-EF86-4E26-8044-CE80EA155557}.Debug|x86.ActiveCfg = Debug|Any CPU
		{7C2939AF-EF86-4E26-8044-CE80EA155557}.Debug|x86.Build.0 = Debug|Any CPU
		{7C2939AF-EF86-4E26-8044-CE80EA155557}.Debug|x86.Deploy.0 = Debug|Any CPU
		{7C2939AF-EF86-4E26-8044-CE80EA155557}.Release|Any CPU.ActiveCfg = Release|Any CPU
		{7C2939AF-EF86-4E26-8044-CE80EA155557}.Release|Any CPU.Build.0 = Release|Any CPU
		{7C2939AF-EF86-4E26-8044-CE80EA155557}.Release|ARM.ActiveCfg = Release|Any CPU
		{7C2939AF-EF86-4E26-8044-CE80EA155557}.Release|ARM.Build.0 = Release|Any CPU
		{7C2939AF-EF86-4E26-8044-CE80EA155557}.Release|ARM.Deploy.0 = Release|Any CPU
		{7C2939AF-EF86-4E26-8044-CE80EA155557}.Release|iPhone.ActiveCfg = Release|Any CPU
		{7C2939AF-EF86-4E26-8044-CE80EA155557}.Release|iPhone.Build.0 = Release|Any CPU
		{7C2939AF-EF86-4E26-8044-CE80EA155557}.Release|iPhone.Deploy.0 = Release|Any CPU
		{7C2939AF-EF86-4E26-8044-CE80EA155557}.Release|iPhoneSimulator.ActiveCfg = Release|Any CPU
		{7C2939AF-EF86-4E26-8044-CE80EA155557}.Release|iPhoneSimulator.Build.0 = Release|Any CPU
		{7C2939AF-EF86-4E26-8044-CE80EA155557}.Release|iPhoneSimulator.Deploy.0 = Release|Any CPU
		{7C2939AF-EF86-4E26-8044-CE80EA155557}.Release|x64.ActiveCfg = Release|Any CPU
		{7C2939AF-EF86-4E26-8044-CE80EA155557}.Release|x64.Build.0 = Release|Any CPU
		{7C2939AF-EF86-4E26-8044-CE80EA155557}.Release|x64.Deploy.0 = Release|Any CPU
		{7C2939AF-EF86-4E26-8044-CE80EA155557}.Release|x86.ActiveCfg = Release|Any CPU
		{7C2939AF-EF86-4E26-8044-CE80EA155557}.Release|x86.Build.0 = Release|Any CPU
		{7C2939AF-EF86-4E26-8044-CE80EA155557}.Release|x86.Deploy.0 = Release|Any CPU
		{E76622ED-2233-4E17-B50D-6429988BADF7}.Ad-Hoc|Any CPU.ActiveCfg = Release|Any CPU
		{E76622ED-2233-4E17-B50D-6429988BADF7}.Ad-Hoc|Any CPU.Build.0 = Release|Any CPU
		{E76622ED-2233-4E17-B50D-6429988BADF7}.Ad-Hoc|ARM.ActiveCfg = Release|Any CPU
		{E76622ED-2233-4E17-B50D-6429988BADF7}.Ad-Hoc|ARM.Build.0 = Release|Any CPU
		{E76622ED-2233-4E17-B50D-6429988BADF7}.Ad-Hoc|iPhone.ActiveCfg = Release|Any CPU
		{E76622ED-2233-4E17-B50D-6429988BADF7}.Ad-Hoc|iPhone.Build.0 = Release|Any CPU
		{E76622ED-2233-4E17-B50D-6429988BADF7}.Ad-Hoc|iPhoneSimulator.ActiveCfg = Release|Any CPU
		{E76622ED-2233-4E17-B50D-6429988BADF7}.Ad-Hoc|iPhoneSimulator.Build.0 = Release|Any CPU
		{E76622ED-2233-4E17-B50D-6429988BADF7}.Ad-Hoc|x64.ActiveCfg = Release|Any CPU
		{E76622ED-2233-4E17-B50D-6429988BADF7}.Ad-Hoc|x64.Build.0 = Release|Any CPU
		{E76622ED-2233-4E17-B50D-6429988BADF7}.Ad-Hoc|x86.ActiveCfg = Release|Any CPU
		{E76622ED-2233-4E17-B50D-6429988BADF7}.Ad-Hoc|x86.Build.0 = Release|Any CPU
		{E76622ED-2233-4E17-B50D-6429988BADF7}.AppStore|Any CPU.ActiveCfg = Release|Any CPU
		{E76622ED-2233-4E17-B50D-6429988BADF7}.AppStore|Any CPU.Build.0 = Release|Any CPU
		{E76622ED-2233-4E17-B50D-6429988BADF7}.AppStore|ARM.ActiveCfg = Release|Any CPU
		{E76622ED-2233-4E17-B50D-6429988BADF7}.AppStore|ARM.Build.0 = Release|Any CPU
		{E76622ED-2233-4E17-B50D-6429988BADF7}.AppStore|iPhone.ActiveCfg = Release|Any CPU
		{E76622ED-2233-4E17-B50D-6429988BADF7}.AppStore|iPhone.Build.0 = Release|Any CPU
		{E76622ED-2233-4E17-B50D-6429988BADF7}.AppStore|iPhoneSimulator.ActiveCfg = Release|Any CPU
		{E76622ED-2233-4E17-B50D-6429988BADF7}.AppStore|iPhoneSimulator.Build.0 = Release|Any CPU
		{E76622ED-2233-4E17-B50D-6429988BADF7}.AppStore|x64.ActiveCfg = Release|Any CPU
		{E76622ED-2233-4E17-B50D-6429988BADF7}.AppStore|x64.Build.0 = Release|Any CPU
		{E76622ED-2233-4E17-B50D-6429988BADF7}.AppStore|x86.ActiveCfg = Release|Any CPU
		{E76622ED-2233-4E17-B50D-6429988BADF7}.AppStore|x86.Build.0 = Release|Any CPU
		{E76622ED-2233-4E17-B50D-6429988BADF7}.Debug|Any CPU.ActiveCfg = Debug|Any CPU
		{E76622ED-2233-4E17-B50D-6429988BADF7}.Debug|Any CPU.Build.0 = Debug|Any CPU
		{E76622ED-2233-4E17-B50D-6429988BADF7}.Debug|ARM.ActiveCfg = Debug|Any CPU
		{E76622ED-2233-4E17-B50D-6429988BADF7}.Debug|ARM.Build.0 = Debug|Any CPU
		{E76622ED-2233-4E17-B50D-6429988BADF7}.Debug|iPhone.ActiveCfg = Debug|Any CPU
		{E76622ED-2233-4E17-B50D-6429988BADF7}.Debug|iPhone.Build.0 = Debug|Any CPU
		{E76622ED-2233-4E17-B50D-6429988BADF7}.Debug|iPhoneSimulator.ActiveCfg = Debug|Any CPU
		{E76622ED-2233-4E17-B50D-6429988BADF7}.Debug|iPhoneSimulator.Build.0 = Debug|Any CPU
		{E76622ED-2233-4E17-B50D-6429988BADF7}.Debug|x64.ActiveCfg = Debug|Any CPU
		{E76622ED-2233-4E17-B50D-6429988BADF7}.Debug|x64.Build.0 = Debug|Any CPU
		{E76622ED-2233-4E17-B50D-6429988BADF7}.Debug|x86.ActiveCfg = Debug|Any CPU
		{E76622ED-2233-4E17-B50D-6429988BADF7}.Debug|x86.Build.0 = Debug|Any CPU
		{E76622ED-2233-4E17-B50D-6429988BADF7}.Release|Any CPU.ActiveCfg = Release|Any CPU
		{E76622ED-2233-4E17-B50D-6429988BADF7}.Release|Any CPU.Build.0 = Release|Any CPU
		{E76622ED-2233-4E17-B50D-6429988BADF7}.Release|ARM.ActiveCfg = Release|Any CPU
		{E76622ED-2233-4E17-B50D-6429988BADF7}.Release|ARM.Build.0 = Release|Any CPU
		{E76622ED-2233-4E17-B50D-6429988BADF7}.Release|iPhone.ActiveCfg = Release|Any CPU
		{E76622ED-2233-4E17-B50D-6429988BADF7}.Release|iPhone.Build.0 = Release|Any CPU
		{E76622ED-2233-4E17-B50D-6429988BADF7}.Release|iPhoneSimulator.ActiveCfg = Release|Any CPU
		{E76622ED-2233-4E17-B50D-6429988BADF7}.Release|iPhoneSimulator.Build.0 = Release|Any CPU
		{E76622ED-2233-4E17-B50D-6429988BADF7}.Release|x64.ActiveCfg = Release|Any CPU
		{E76622ED-2233-4E17-B50D-6429988BADF7}.Release|x64.Build.0 = Release|Any CPU
		{E76622ED-2233-4E17-B50D-6429988BADF7}.Release|x86.ActiveCfg = Release|Any CPU
		{E76622ED-2233-4E17-B50D-6429988BADF7}.Release|x86.Build.0 = Release|Any CPU
		{7D15D603-B0EB-477F-A56E-6C3A9E26442C}.Ad-Hoc|Any CPU.ActiveCfg = Release|Any CPU
		{7D15D603-B0EB-477F-A56E-6C3A9E26442C}.Ad-Hoc|Any CPU.Build.0 = Release|Any CPU
		{7D15D603-B0EB-477F-A56E-6C3A9E26442C}.Ad-Hoc|ARM.ActiveCfg = Release|Any CPU
		{7D15D603-B0EB-477F-A56E-6C3A9E26442C}.Ad-Hoc|ARM.Build.0 = Release|Any CPU
		{7D15D603-B0EB-477F-A56E-6C3A9E26442C}.Ad-Hoc|iPhone.ActiveCfg = Release|Any CPU
		{7D15D603-B0EB-477F-A56E-6C3A9E26442C}.Ad-Hoc|iPhone.Build.0 = Release|Any CPU
		{7D15D603-B0EB-477F-A56E-6C3A9E26442C}.Ad-Hoc|iPhoneSimulator.ActiveCfg = Release|Any CPU
		{7D15D603-B0EB-477F-A56E-6C3A9E26442C}.Ad-Hoc|iPhoneSimulator.Build.0 = Release|Any CPU
		{7D15D603-B0EB-477F-A56E-6C3A9E26442C}.Ad-Hoc|x64.ActiveCfg = Release|Any CPU
		{7D15D603-B0EB-477F-A56E-6C3A9E26442C}.Ad-Hoc|x64.Build.0 = Release|Any CPU
		{7D15D603-B0EB-477F-A56E-6C3A9E26442C}.Ad-Hoc|x86.ActiveCfg = Release|Any CPU
		{7D15D603-B0EB-477F-A56E-6C3A9E26442C}.Ad-Hoc|x86.Build.0 = Release|Any CPU
		{7D15D603-B0EB-477F-A56E-6C3A9E26442C}.AppStore|Any CPU.ActiveCfg = Release|Any CPU
		{7D15D603-B0EB-477F-A56E-6C3A9E26442C}.AppStore|Any CPU.Build.0 = Release|Any CPU
		{7D15D603-B0EB-477F-A56E-6C3A9E26442C}.AppStore|ARM.ActiveCfg = Release|Any CPU
		{7D15D603-B0EB-477F-A56E-6C3A9E26442C}.AppStore|ARM.Build.0 = Release|Any CPU
		{7D15D603-B0EB-477F-A56E-6C3A9E26442C}.AppStore|iPhone.ActiveCfg = Release|Any CPU
		{7D15D603-B0EB-477F-A56E-6C3A9E26442C}.AppStore|iPhone.Build.0 = Release|Any CPU
		{7D15D603-B0EB-477F-A56E-6C3A9E26442C}.AppStore|iPhoneSimulator.ActiveCfg = Release|Any CPU
		{7D15D603-B0EB-477F-A56E-6C3A9E26442C}.AppStore|iPhoneSimulator.Build.0 = Release|Any CPU
		{7D15D603-B0EB-477F-A56E-6C3A9E26442C}.AppStore|x64.ActiveCfg = Release|Any CPU
		{7D15D603-B0EB-477F-A56E-6C3A9E26442C}.AppStore|x64.Build.0 = Release|Any CPU
		{7D15D603-B0EB-477F-A56E-6C3A9E26442C}.AppStore|x86.ActiveCfg = Release|Any CPU
		{7D15D603-B0EB-477F-A56E-6C3A9E26442C}.AppStore|x86.Build.0 = Release|Any CPU
		{7D15D603-B0EB-477F-A56E-6C3A9E26442C}.Debug|Any CPU.ActiveCfg = Debug|Any CPU
		{7D15D603-B0EB-477F-A56E-6C3A9E26442C}.Debug|Any CPU.Build.0 = Debug|Any CPU
		{7D15D603-B0EB-477F-A56E-6C3A9E26442C}.Debug|ARM.ActiveCfg = Debug|Any CPU
		{7D15D603-B0EB-477F-A56E-6C3A9E26442C}.Debug|ARM.Build.0 = Debug|Any CPU
		{7D15D603-B0EB-477F-A56E-6C3A9E26442C}.Debug|iPhone.ActiveCfg = Debug|Any CPU
		{7D15D603-B0EB-477F-A56E-6C3A9E26442C}.Debug|iPhone.Build.0 = Debug|Any CPU
		{7D15D603-B0EB-477F-A56E-6C3A9E26442C}.Debug|iPhoneSimulator.ActiveCfg = Debug|Any CPU
		{7D15D603-B0EB-477F-A56E-6C3A9E26442C}.Debug|iPhoneSimulator.Build.0 = Debug|Any CPU
		{7D15D603-B0EB-477F-A56E-6C3A9E26442C}.Debug|x64.ActiveCfg = Debug|Any CPU
		{7D15D603-B0EB-477F-A56E-6C3A9E26442C}.Debug|x64.Build.0 = Debug|Any CPU
		{7D15D603-B0EB-477F-A56E-6C3A9E26442C}.Debug|x86.ActiveCfg = Debug|Any CPU
		{7D15D603-B0EB-477F-A56E-6C3A9E26442C}.Debug|x86.Build.0 = Debug|Any CPU
		{7D15D603-B0EB-477F-A56E-6C3A9E26442C}.Release|Any CPU.ActiveCfg = Release|Any CPU
		{7D15D603-B0EB-477F-A56E-6C3A9E26442C}.Release|Any CPU.Build.0 = Release|Any CPU
		{7D15D603-B0EB-477F-A56E-6C3A9E26442C}.Release|ARM.ActiveCfg = Release|Any CPU
		{7D15D603-B0EB-477F-A56E-6C3A9E26442C}.Release|ARM.Build.0 = Release|Any CPU
		{7D15D603-B0EB-477F-A56E-6C3A9E26442C}.Release|iPhone.ActiveCfg = Release|Any CPU
		{7D15D603-B0EB-477F-A56E-6C3A9E26442C}.Release|iPhone.Build.0 = Release|Any CPU
		{7D15D603-B0EB-477F-A56E-6C3A9E26442C}.Release|iPhoneSimulator.ActiveCfg = Release|Any CPU
		{7D15D603-B0EB-477F-A56E-6C3A9E26442C}.Release|iPhoneSimulator.Build.0 = Release|Any CPU
		{7D15D603-B0EB-477F-A56E-6C3A9E26442C}.Release|x64.ActiveCfg = Release|Any CPU
		{7D15D603-B0EB-477F-A56E-6C3A9E26442C}.Release|x64.Build.0 = Release|Any CPU
		{7D15D603-B0EB-477F-A56E-6C3A9E26442C}.Release|x86.ActiveCfg = Release|Any CPU
		{7D15D603-B0EB-477F-A56E-6C3A9E26442C}.Release|x86.Build.0 = Release|Any CPU
		{5E590FAB-76C0-4EC2-9B90-FA90C9C2B73D}.Ad-Hoc|Any CPU.ActiveCfg = Release|Any CPU
		{5E590FAB-76C0-4EC2-9B90-FA90C9C2B73D}.Ad-Hoc|Any CPU.Build.0 = Release|Any CPU
		{5E590FAB-76C0-4EC2-9B90-FA90C9C2B73D}.Ad-Hoc|ARM.ActiveCfg = Release|Any CPU
		{5E590FAB-76C0-4EC2-9B90-FA90C9C2B73D}.Ad-Hoc|ARM.Build.0 = Release|Any CPU
		{5E590FAB-76C0-4EC2-9B90-FA90C9C2B73D}.Ad-Hoc|iPhone.ActiveCfg = Release|Any CPU
		{5E590FAB-76C0-4EC2-9B90-FA90C9C2B73D}.Ad-Hoc|iPhone.Build.0 = Release|Any CPU
		{5E590FAB-76C0-4EC2-9B90-FA90C9C2B73D}.Ad-Hoc|iPhoneSimulator.ActiveCfg = Release|Any CPU
		{5E590FAB-76C0-4EC2-9B90-FA90C9C2B73D}.Ad-Hoc|iPhoneSimulator.Build.0 = Release|Any CPU
		{5E590FAB-76C0-4EC2-9B90-FA90C9C2B73D}.Ad-Hoc|x64.ActiveCfg = Release|Any CPU
		{5E590FAB-76C0-4EC2-9B90-FA90C9C2B73D}.Ad-Hoc|x64.Build.0 = Release|Any CPU
		{5E590FAB-76C0-4EC2-9B90-FA90C9C2B73D}.Ad-Hoc|x86.ActiveCfg = Release|Any CPU
		{5E590FAB-76C0-4EC2-9B90-FA90C9C2B73D}.Ad-Hoc|x86.Build.0 = Release|Any CPU
		{5E590FAB-76C0-4EC2-9B90-FA90C9C2B73D}.AppStore|Any CPU.ActiveCfg = Release|Any CPU
		{5E590FAB-76C0-4EC2-9B90-FA90C9C2B73D}.AppStore|Any CPU.Build.0 = Release|Any CPU
		{5E590FAB-76C0-4EC2-9B90-FA90C9C2B73D}.AppStore|ARM.ActiveCfg = Release|Any CPU
		{5E590FAB-76C0-4EC2-9B90-FA90C9C2B73D}.AppStore|ARM.Build.0 = Release|Any CPU
		{5E590FAB-76C0-4EC2-9B90-FA90C9C2B73D}.AppStore|iPhone.ActiveCfg = Release|Any CPU
		{5E590FAB-76C0-4EC2-9B90-FA90C9C2B73D}.AppStore|iPhone.Build.0 = Release|Any CPU
		{5E590FAB-76C0-4EC2-9B90-FA90C9C2B73D}.AppStore|iPhoneSimulator.ActiveCfg = Release|Any CPU
		{5E590FAB-76C0-4EC2-9B90-FA90C9C2B73D}.AppStore|iPhoneSimulator.Build.0 = Release|Any CPU
		{5E590FAB-76C0-4EC2-9B90-FA90C9C2B73D}.AppStore|x64.ActiveCfg = Release|Any CPU
		{5E590FAB-76C0-4EC2-9B90-FA90C9C2B73D}.AppStore|x64.Build.0 = Release|Any CPU
		{5E590FAB-76C0-4EC2-9B90-FA90C9C2B73D}.AppStore|x86.ActiveCfg = Release|Any CPU
		{5E590FAB-76C0-4EC2-9B90-FA90C9C2B73D}.AppStore|x86.Build.0 = Release|Any CPU
		{5E590FAB-76C0-4EC2-9B90-FA90C9C2B73D}.Debug|Any CPU.ActiveCfg = Debug|Any CPU
		{5E590FAB-76C0-4EC2-9B90-FA90C9C2B73D}.Debug|Any CPU.Build.0 = Debug|Any CPU
		{5E590FAB-76C0-4EC2-9B90-FA90C9C2B73D}.Debug|ARM.ActiveCfg = Debug|Any CPU
		{5E590FAB-76C0-4EC2-9B90-FA90C9C2B73D}.Debug|ARM.Build.0 = Debug|Any CPU
		{5E590FAB-76C0-4EC2-9B90-FA90C9C2B73D}.Debug|iPhone.ActiveCfg = Debug|Any CPU
		{5E590FAB-76C0-4EC2-9B90-FA90C9C2B73D}.Debug|iPhone.Build.0 = Debug|Any CPU
		{5E590FAB-76C0-4EC2-9B90-FA90C9C2B73D}.Debug|iPhoneSimulator.ActiveCfg = Debug|Any CPU
		{5E590FAB-76C0-4EC2-9B90-FA90C9C2B73D}.Debug|iPhoneSimulator.Build.0 = Debug|Any CPU
		{5E590FAB-76C0-4EC2-9B90-FA90C9C2B73D}.Debug|x64.ActiveCfg = Debug|Any CPU
		{5E590FAB-76C0-4EC2-9B90-FA90C9C2B73D}.Debug|x64.Build.0 = Debug|Any CPU
		{5E590FAB-76C0-4EC2-9B90-FA90C9C2B73D}.Debug|x86.ActiveCfg = Debug|Any CPU
		{5E590FAB-76C0-4EC2-9B90-FA90C9C2B73D}.Debug|x86.Build.0 = Debug|Any CPU
		{5E590FAB-76C0-4EC2-9B90-FA90C9C2B73D}.Release|Any CPU.ActiveCfg = Release|Any CPU
		{5E590FAB-76C0-4EC2-9B90-FA90C9C2B73D}.Release|Any CPU.Build.0 = Release|Any CPU
		{5E590FAB-76C0-4EC2-9B90-FA90C9C2B73D}.Release|ARM.ActiveCfg = Release|Any CPU
		{5E590FAB-76C0-4EC2-9B90-FA90C9C2B73D}.Release|ARM.Build.0 = Release|Any CPU
		{5E590FAB-76C0-4EC2-9B90-FA90C9C2B73D}.Release|iPhone.ActiveCfg = Release|Any CPU
		{5E590FAB-76C0-4EC2-9B90-FA90C9C2B73D}.Release|iPhone.Build.0 = Release|Any CPU
		{5E590FAB-76C0-4EC2-9B90-FA90C9C2B73D}.Release|iPhoneSimulator.ActiveCfg = Release|Any CPU
		{5E590FAB-76C0-4EC2-9B90-FA90C9C2B73D}.Release|iPhoneSimulator.Build.0 = Release|Any CPU
		{5E590FAB-76C0-4EC2-9B90-FA90C9C2B73D}.Release|x64.ActiveCfg = Release|Any CPU
		{5E590FAB-76C0-4EC2-9B90-FA90C9C2B73D}.Release|x64.Build.0 = Release|Any CPU
		{5E590FAB-76C0-4EC2-9B90-FA90C9C2B73D}.Release|x86.ActiveCfg = Release|Any CPU
		{5E590FAB-76C0-4EC2-9B90-FA90C9C2B73D}.Release|x86.Build.0 = Release|Any CPU
	EndGlobalSection
	GlobalSection(SolutionProperties) = preSolution
		HideSolutionNode = FALSE
	EndGlobalSection
	GlobalSection(NestedProjects) = preSolution
		{E76622ED-2233-4E17-B50D-6429988BADF7} = {D38934AF-034A-4669-AD81-B6E0B62A7494}
		{7D15D603-B0EB-477F-A56E-6C3A9E26442C} = {D38934AF-034A-4669-AD81-B6E0B62A7494}
	EndGlobalSection
EndGlobal
